
Microsoft Visual Studio Solution File, Format Version 12.00
# Visual Studio Version 17
VisualStudioVersion = 17.1.32407.343
MinimumVisualStudioVersion = 10.0.40219.1
Project("{9A19103F-16F7-4668-BE54-9A1E7A4F7556}") = "MdcstecTools", "MdcstecTools.csproj", "{F242ABAB-8D8B-4D75-B06E-73692CF3068F}"
EndProject
Global
	GlobalSection(SolutionConfigurationPlatforms) = preSolution
		Debug|Any CPU = Debug|Any CPU
		Release|Any CPU = Release|Any CPU
	EndGlobalSection
	GlobalSection(ProjectConfigurationPlatforms) = postSolution
		{F242ABAB-8D8B-4D75-B06E-73692CF3068F}.Debug|Any CPU.ActiveCfg = Debug|Any CPU
		{F242ABAB-8D8B-4D75-B06E-73692CF3068F}.Debug|Any CPU.Build.0 = Debug|Any CPU
		{F242ABAB-8D8B-4D75-B06E-73692CF3068F}.Release|Any CPU.ActiveCfg = Release|Any CPU
		{F242ABAB-8D8B-4D75-B06E-73692CF3068F}.Release|Any CPU.Build.0 = Release|Any CPU
	EndGlobalSection
	GlobalSection(SolutionProperties) = preSolution
		HideSolutionNode = FALSE
	EndGlobalSection
	GlobalSection(ExtensibilityGlobals) = postSolution
		SolutionGuid = {733C2961-CE0C-4C77-8292-D8B1D7C0A521}
	EndGlobalSection
EndGlobal
